
Microsoft Visual Studio Solution File, Format Version 12.00
# Visual Studio Version 17
VisualStudioVersion = 17.4.33213.308
MinimumVisualStudioVersion = 10.0.40219.1
Project("{FAE04EC0-301F-11D3-BF4B-00C04F79EFBC}") = "Übungsblatt 1", "Übungsblatt 1\Übungsblatt 1.csproj", "{61F58989-A9BB-4C21-B9C7-BEA6FA45D99C}"
EndProject
Global
	GlobalSection(SolutionConfigurationPlatforms) = preSolution
		Debug|Any CPU = Debug|Any CPU
		Release|Any CPU = Release|Any CPU
	EndGlobalSection
	GlobalSection(ProjectConfigurationPlatforms) = postSolution
		{61F58989-A9BB-4C21-B9C7-BEA6FA45D99C}.Debug|Any CPU.ActiveCfg = Debug|Any CPU
		{61F58989-A9BB-4C21-B9C7-BEA6FA45D99C}.Debug|Any CPU.Build.0 = Debug|Any CPU
		{61F58989-A9BB-4C21-B9C7-BEA6FA45D99C}.Release|Any CPU.ActiveCfg = Release|Any CPU
		{61F58989-A9BB-4C21-B9C7-BEA6FA45D99C}.Release|Any CPU.Build.0 = Release|Any CPU
	EndGlobalSection
	GlobalSection(SolutionProperties) = preSolution
		HideSolutionNode = FALSE
	EndGlobalSection
	GlobalSection(ExtensibilityGlobals) = postSolution
		SolutionGuid = {595F66C0-7676-42B9-8784-36802B3A04BF}
	EndGlobalSection
EndGlobal
